
Microsoft Visual Studio Solution File, Format Version 12.00
# Visual Studio 15
VisualStudioVersion = 15.0.28010.2026
MinimumVisualStudioVersion = 10.0.40219.1
Project("{8BC9CEB8-8B4A-11D0-8D11-00A0C91BC942}") = "TeachDemo", "TeachDemo\TeachDemo.vcxproj", "{D4891C0E-B611-431C-8C5B-A04C422F8EB4}"
EndProject
Project("{8BC9CEB8-8B4A-11D0-8D11-00A0C91BC942}") = "MemoryReadWrite", "MemoryReadWrite\MemoryReadWrite.vcxproj", "{0B4BEABE-C4F7-4B13-BBFC-AB1512BBA5B2}"
EndProject
Project("{8BC9CEB8-8B4A-11D0-8D11-00A0C91BC942}") = "GetWechatInfo", "GetWechatInfo\GetWechatInfo.vcxproj", "{187E4878-FC9C-482D-AEBF-E97061197C1E}"
EndProject
Project("{8BC9CEB8-8B4A-11D0-8D11-00A0C91BC942}") = "OpenWechats", "OpenWechats\OpenWechats.vcxproj", "{FD52F7AE-0020-49ED-8088-CDBF2F84F758}"
EndProject
Project("{8BC9CEB8-8B4A-11D0-8D11-00A0C91BC942}") = "Sqlite3Demo", "Sqlite3Demo\Sqlite3Demo.vcxproj", "{9B2C71DC-CC65-4A70-B632-AAEA215DDF3F}"
EndProject
Project("{8BC9CEB8-8B4A-11D0-8D11-00A0C91BC942}") = "readSqlite3", "readSqlite3\readSqlite3.vcxproj", "{44204D8C-BCCD-40D1-9932-64BA5205E055}"
EndProject
Project("{8BC9CEB8-8B4A-11D0-8D11-00A0C91BC942}") = "GetQrcode", "GetQrcode\GetQrcode.vcxproj", "{A81DEDDF-627B-4E2D-96AB-43EB5E2ED16B}"
EndProject
Project("{8BC9CEB8-8B4A-11D0-8D11-00A0C91BC942}") = "ByteShowPic", "ByteShowPic\ByteShowPic.vcxproj", "{D9BBFFED-9318-4F79-A6D9-B3E1F6724321}"
EndProject
Project("{8BC9CEB8-8B4A-11D0-8D11-00A0C91BC942}") = "WechatSendMessage", "WechatSendMessage\WechatSendMessage.vcxproj", "{E5D33EB9-BF54-4441-86D8-4E290D1CEE4D}"
EndProject
Project("{8BC9CEB8-8B4A-11D0-8D11-00A0C91BC942}") = "TestDemo", "TestDemo\TestDemo.vcxproj", "{0F2465F8-4E16-46C9-8541-5165A917F2E0}"
EndProject
Project("{8BC9CEB8-8B4A-11D0-8D11-00A0C91BC942}") = "getDB", "getDB\getDB.vcxproj", "{2C47E984-0CCC-4273-85DE-11728001A86E}"
EndProject
Project("{8BC9CEB8-8B4A-11D0-8D11-00A0C91BC942}") = "GetUserLists", "GetUserLists\GetUserLists.vcxproj", "{BDE2853B-CD97-41CB-B656-823FBC5909B1}"
EndProject
Project("{8BC9CEB8-8B4A-11D0-8D11-00A0C91BC942}") = "SendXmlMessage", "SendXmlMessage\SendXmlMessage.vcxproj", "{EAD45212-4447-42D7-BAE1-C18D1827EDE7}"
EndProject
Global
	GlobalSection(SolutionConfigurationPlatforms) = preSolution
		Debug|x64 = Debug|x64
		Debug|x86 = Debug|x86
		Release|x64 = Release|x64
		Release|x86 = Release|x86
	EndGlobalSection
	GlobalSection(ProjectConfigurationPlatforms) = postSolution
		{D4891C0E-B611-431C-8C5B-A04C422F8EB4}.Debug|x64.ActiveCfg = Debug|x64
		{D4891C0E-B611-431C-8C5B-A04C422F8EB4}.Debug|x64.Build.0 = Debug|x64
		{D4891C0E-B611-431C-8C5B-A04C422F8EB4}.Debug|x86.ActiveCfg = Debug|Win32
		{D4891C0E-B611-431C-8C5B-A04C422F8EB4}.Debug|x86.Build.0 = Debug|Win32
		{D4891C0E-B611-431C-8C5B-A04C422F8EB4}.Release|x64.ActiveCfg = Release|x64
		{D4891C0E-B611-431C-8C5B-A04C422F8EB4}.Release|x64.Build.0 = Release|x64
		{D4891C0E-B611-431C-8C5B-A04C422F8EB4}.Release|x86.ActiveCfg = Release|Win32
		{D4891C0E-B611-431C-8C5B-A04C422F8EB4}.Release|x86.Build.0 = Release|Win32
		{0B4BEABE-C4F7-4B13-BBFC-AB1512BBA5B2}.Debug|x64.ActiveCfg = Debug|x64
		{0B4BEABE-C4F7-4B13-BBFC-AB1512BBA5B2}.Debug|x64.Build.0 = Debug|x64
		{0B4BEABE-C4F7-4B13-BBFC-AB1512BBA5B2}.Debug|x86.ActiveCfg = Debug|Win32
		{0B4BEABE-C4F7-4B13-BBFC-AB1512BBA5B2}.Debug|x86.Build.0 = Debug|Win32
		{0B4BEABE-C4F7-4B13-BBFC-AB1512BBA5B2}.Release|x64.ActiveCfg = Release|x64
		{0B4BEABE-C4F7-4B13-BBFC-AB1512BBA5B2}.Release|x64.Build.0 = Release|x64
		{0B4BEABE-C4F7-4B13-BBFC-AB1512BBA5B2}.Release|x86.ActiveCfg = Release|Win32
		{0B4BEABE-C4F7-4B13-BBFC-AB1512BBA5B2}.Release|x86.Build.0 = Release|Win32
		{187E4878-FC9C-482D-AEBF-E97061197C1E}.Debug|x64.ActiveCfg = Debug|x64
		{187E4878-FC9C-482D-AEBF-E97061197C1E}.Debug|x64.Build.0 = Debug|x64
		{187E4878-FC9C-482D-AEBF-E97061197C1E}.Debug|x86.ActiveCfg = Debug|Win32
		{187E4878-FC9C-482D-AEBF-E97061197C1E}.Debug|x86.Build.0 = Debug|Win32
		{187E4878-FC9C-482D-AEBF-E97061197C1E}.Release|x64.ActiveCfg = Release|x64
		{187E4878-FC9C-482D-AEBF-E97061197C1E}.Release|x64.Build.0 = Release|x64
		{187E4878-FC9C-482D-AEBF-E97061197C1E}.Release|x86.ActiveCfg = Release|Win32
		{187E4878-FC9C-482D-AEBF-E97061197C1E}.Release|x86.Build.0 = Release|Win32
		{FD52F7AE-0020-49ED-8088-CDBF2F84F758}.Debug|x64.ActiveCfg = Debug|x64
		{FD52F7AE-0020-49ED-8088-CDBF2F84F758}.Debug|x64.Build.0 = Debug|x64
		{FD52F7AE-0020-49ED-8088-CDBF2F84F758}.Debug|x86.ActiveCfg = Debug|Win32
		{FD52F7AE-0020-49ED-8088-CDBF2F84F758}.Debug|x86.Build.0 = Debug|Win32
		{FD52F7AE-0020-49ED-8088-CDBF2F84F758}.Release|x64.ActiveCfg = Release|x64
		{FD52F7AE-0020-49ED-8088-CDBF2F84F758}.Release|x64.Build.0 = Release|x64
		{FD52F7AE-0020-49ED-8088-CDBF2F84F758}.Release|x86.ActiveCfg = Release|Win32
		{FD52F7AE-0020-49ED-8088-CDBF2F84F758}.Release|x86.Build.0 = Release|Win32
		{9B2C71DC-CC65-4A70-B632-AAEA215DDF3F}.Debug|x64.ActiveCfg = Debug|x64
		{9B2C71DC-CC65-4A70-B632-AAEA215DDF3F}.Debug|x64.Build.0 = Debug|x64
		{9B2C71DC-CC65-4A70-B632-AAEA215DDF3F}.Debug|x86.ActiveCfg = Debug|Win32
		{9B2C71DC-CC65-4A70-B632-AAEA215DDF3F}.Debug|x86.Build.0 = Debug|Win32
		{9B2C71DC-CC65-4A70-B632-AAEA215DDF3F}.Release|x64.ActiveCfg = Release|x64
		{9B2C71DC-CC65-4A70-B632-AAEA215DDF3F}.Release|x64.Build.0 = Release|x64
		{9B2C71DC-CC65-4A70-B632-AAEA215DDF3F}.Release|x86.ActiveCfg = Release|Win32
		{9B2C71DC-CC65-4A70-B632-AAEA215DDF3F}.Release|x86.Build.0 = Release|Win32
		{44204D8C-BCCD-40D1-9932-64BA5205E055}.Debug|x64.ActiveCfg = Debug|x64
		{44204D8C-BCCD-40D1-9932-64BA5205E055}.Debug|x64.Build.0 = Debug|x64
		{44204D8C-BCCD-40D1-9932-64BA5205E055}.Debug|x86.ActiveCfg = Debug|Win32
		{44204D8C-BCCD-40D1-9932-64BA5205E055}.Debug|x86.Build.0 = Debug|Win32
		{44204D8C-BCCD-40D1-9932-64BA5205E055}.Release|x64.ActiveCfg = Release|x64
		{44204D8C-BCCD-40D1-9932-64BA5205E055}.Release|x64.Build.0 = Release|x64
		{44204D8C-BCCD-40D1-9932-64BA5205E055}.Release|x86.ActiveCfg = Release|Win32
		{44204D8C-BCCD-40D1-9932-64BA5205E055}.Release|x86.Build.0 = Release|Win32
		{A81DEDDF-627B-4E2D-96AB-43EB5E2ED16B}.Debug|x64.ActiveCfg = Debug|x64
		{A81DEDDF-627B-4E2D-96AB-43EB5E2ED16B}.Debug|x64.Build.0 = Debug|x64
		{A81DEDDF-627B-4E2D-96AB-43EB5E2ED16B}.Debug|x86.ActiveCfg = Debug|Win32
		{A81DEDDF-627B-4E2D-96AB-43EB5E2ED16B}.Debug|x86.Build.0 = Debug|Win32
		{A81DEDDF-627B-4E2D-96AB-43EB5E2ED16B}.Release|x64.ActiveCfg = Release|x64
		{A81DEDDF-627B-4E2D-96AB-43EB5E2ED16B}.Release|x64.Build.0 = Release|x64
		{A81DEDDF-627B-4E2D-96AB-43EB5E2ED16B}.Release|x86.ActiveCfg = Release|Win32
		{A81DEDDF-627B-4E2D-96AB-43EB5E2ED16B}.Release|x86.Build.0 = Release|Win32
		{D9BBFFED-9318-4F79-A6D9-B3E1F6724321}.Debug|x64.ActiveCfg = Debug|x64
		{D9BBFFED-9318-4F79-A6D9-B3E1F6724321}.Debug|x64.Build.0 = Debug|x64
		{D9BBFFED-9318-4F79-A6D9-B3E1F6724321}.Debug|x86.ActiveCfg = Debug|Win32
		{D9BBFFED-9318-4F79-A6D9-B3E1F6724321}.Debug|x86.Build.0 = Debug|Win32
		{D9BBFFED-9318-4F79-A6D9-B3E1F6724321}.Release|x64.ActiveCfg = Release|x64
		{D9BBFFED-9318-4F79-A6D9-B3E1F6724321}.Release|x64.Build.0 = Release|x64
		{D9BBFFED-9318-4F79-A6D9-B3E1F6724321}.Release|x86.ActiveCfg = Release|Win32
		{D9BBFFED-9318-4F79-A6D9-B3E1F6724321}.Release|x86.Build.0 = Release|Win32
		{E5D33EB9-BF54-4441-86D8-4E290D1CEE4D}.Debug|x64.ActiveCfg = Debug|x64
		{E5D33EB9-BF54-4441-86D8-4E290D1CEE4D}.Debug|x64.Build.0 = Debug|x64
		{E5D33EB9-BF54-4441-86D8-4E290D1CEE4D}.Debug|x86.ActiveCfg = Debug|Win32
		{E5D33EB9-BF54-4441-86D8-4E290D1CEE4D}.Debug|x86.Build.0 = Debug|Win32
		{E5D33EB9-BF54-4441-86D8-4E290D1CEE4D}.Release|x64.ActiveCfg = Release|x64
		{E5D33EB9-BF54-4441-86D8-4E290D1CEE4D}.Release|x64.Build.0 = Release|x64
		{E5D33EB9-BF54-4441-86D8-4E290D1CEE4D}.Release|x86.ActiveCfg = Release|Win32
		{E5D33EB9-BF54-4441-86D8-4E290D1CEE4D}.Release|x86.Build.0 = Release|Win32
		{0F2465F8-4E16-46C9-8541-5165A917F2E0}.Debug|x64.ActiveCfg = Debug|x64
		{0F2465F8-4E16-46C9-8541-5165A917F2E0}.Debug|x64.Build.0 = Debug|x64
		{0F2465F8-4E16-46C9-8541-5165A917F2E0}.Debug|x86.ActiveCfg = Debug|Win32
		{0F2465F8-4E16-46C9-8541-5165A917F2E0}.Debug|x86.Build.0 = Debug|Win32
		{0F2465F8-4E16-46C9-8541-5165A917F2E0}.Release|x64.ActiveCfg = Release|x64
		{0F2465F8-4E16-46C9-8541-5165A917F2E0}.Release|x64.Build.0 = Release|x64
		{0F2465F8-4E16-46C9-8541-5165A917F2E0}.Release|x86.ActiveCfg = Release|Win32
		{0F2465F8-4E16-46C9-8541-5165A917F2E0}.Release|x86.Build.0 = Release|Win32
		{2C47E984-0CCC-4273-85DE-11728001A86E}.Debug|x64.ActiveCfg = Debug|x64
		{2C47E984-0CCC-4273-85DE-11728001A86E}.Debug|x64.Build.0 = Debug|x64
		{2C47E984-0CCC-4273-85DE-11728001A86E}.Debug|x86.ActiveCfg = Debug|Win32
		{2C47E984-0CCC-4273-85DE-11728001A86E}.Debug|x86.Build.0 = Debug|Win32
		{2C47E984-0CCC-4273-85DE-11728001A86E}.Release|x64.ActiveCfg = Release|x64
		{2C47E984-0CCC-4273-85DE-11728001A86E}.Release|x64.Build.0 = Release|x64
		{2C47E984-0CCC-4273-85DE-11728001A86E}.Release|x86.ActiveCfg = Release|Win32
		{2C47E984-0CCC-4273-85DE-11728001A86E}.Release|x86.Build.0 = Release|Win32
		{BDE2853B-CD97-41CB-B656-823FBC5909B1}.Debug|x64.ActiveCfg = Debug|x64
		{BDE2853B-CD97-41CB-B656-823FBC5909B1}.Debug|x64.Build.0 = Debug|x64
		{BDE2853B-CD97-41CB-B656-823FBC5909B1}.Debug|x86.ActiveCfg = Debug|Win32
		{BDE2853B-CD97-41CB-B656-823FBC5909B1}.Debug|x86.Build.0 = Debug|Win32
		{BDE2853B-CD97-41CB-B656-823FBC5909B1}.Release|x64.ActiveCfg = Release|x64
		{BDE2853B-CD97-41CB-B656-823FBC5909B1}.Release|x64.Build.0 = Release|x64
		{BDE2853B-CD97-41CB-B656-823FBC5909B1}.Release|x86.ActiveCfg = Release|Win32
		{BDE2853B-CD97-41CB-B656-823FBC5909B1}.Release|x86.Build.0 = Release|Win32
		{EAD45212-4447-42D7-BAE1-C18D1827EDE7}.Debug|x64.ActiveCfg = Debug|x64
		{EAD45212-4447-42D7-BAE1-C18D1827EDE7}.Debug|x64.Build.0 = Debug|x64
		{EAD45212-4447-42D7-BAE1-C18D1827EDE7}.Debug|x86.ActiveCfg = Debug|Win32
		{EAD45212-4447-42D7-BAE1-C18D1827EDE7}.Debug|x86.Build.0 = Debug|Win32
		{EAD45212-4447-42D7-BAE1-C18D1827EDE7}.Release|x64.ActiveCfg = Release|x64
		{EAD45212-4447-42D7-BAE1-C18D1827EDE7}.Release|x64.Build.0 = Release|x64
		{EAD45212-4447-42D7-BAE1-C18D1827EDE7}.Release|x86.ActiveCfg = Release|Win32
		{EAD45212-4447-42D7-BAE1-C18D1827EDE7}.Release|x86.Build.0 = Release|Win32
	EndGlobalSection
	GlobalSection(SolutionProperties) = preSolution
		HideSolutionNode = FALSE
	EndGlobalSection
	GlobalSection(ExtensibilityGlobals) = postSolution
		SolutionGuid = {3BA32198-5A72-4D3B-AB14-C784D3C3EAC9}
	EndGlobalSection
EndGlobal
